
Microsoft Visual Studio Solution File, Format Version 12.00
# Visual Studio Version 17
VisualStudioVersion = 17.13.35818.85 d17.13
MinimumVisualStudioVersion = 10.0.40219.1
Project("{FAE04EC0-301F-11D3-BF4B-00C04F79EFBC}") = "Satellite", "Satellite.csproj", "{92B9A526-06B4-4706-87F0-9A484996CC3C}"
EndProject
Global
	GlobalSection(SolutionConfigurationPlatforms) = preSolution
		Debug|Any CPU = Debug|Any CPU
		ExportDebug|Any CPU = ExportDebug|Any CPU
		ExportRelease|Any CPU = ExportRelease|Any CPU
	EndGlobalSection
	GlobalSection(ProjectConfigurationPlatforms) = postSolution
		{92B9A526-06B4-4706-87F0-9A484996CC3C}.Debug|Any CPU.ActiveCfg = Debug|Any CPU
		{92B9A526-06B4-4706-87F0-9A484996CC3C}.Debug|Any CPU.Build.0 = Debug|Any CPU
		{92B9A526-06B4-4706-87F0-9A484996CC3C}.ExportDebug|Any CPU.ActiveCfg = ExportDebug|Any CPU
		{92B9A526-06B4-4706-87F0-9A484996CC3C}.ExportDebug|Any CPU.Build.0 = ExportDebug|Any CPU
		{92B9A526-06B4-4706-87F0-9A484996CC3C}.ExportRelease|Any CPU.ActiveCfg = ExportRelease|Any CPU
		{92B9A526-06B4-4706-87F0-9A484996CC3C}.ExportRelease|Any CPU.Build.0 = ExportRelease|Any CPU
	EndGlobalSection
	GlobalSection(SolutionProperties) = preSolution
		HideSolutionNode = FALSE
	EndGlobalSection
	GlobalSection(ExtensibilityGlobals) = postSolution
		SolutionGuid = {1B9B2595-148C-4731-8753-D13C088ABD4C}
	EndGlobalSection
EndGlobal
